
Microsoft Visual Studio Solution File, Format Version 12.00
# Visual Studio 15
VisualStudioVersion = 15.0.26403.3
MinimumVisualStudioVersion = 10.0.40219.1
Project("{FAE04EC0-301F-11D3-BF4B-00C04F79EFBC}") = "Laitis.Contracts", "Laitis.Contracts\Laitis.Contracts.csproj", "{00649DF1-E6BC-4436-9602-DE025B0215B2}"
EndProject
Global
	GlobalSection(SolutionConfigurationPlatforms) = preSolution
		Debug|Any CPU = Debug|Any CPU
		Release|Any CPU = Release|Any CPU
	EndGlobalSection
	GlobalSection(ProjectConfigurationPlatforms) = postSolution
		{00649DF1-E6BC-4436-9602-DE025B0215B2}.Debug|Any CPU.ActiveCfg = Debug|Any CPU
		{00649DF1-E6BC-4436-9602-DE025B0215B2}.Debug|Any CPU.Build.0 = Debug|Any CPU
		{00649DF1-E6BC-4436-9602-DE025B0215B2}.Release|Any CPU.ActiveCfg = Release|Any CPU
		{00649DF1-E6BC-4436-9602-DE025B0215B2}.Release|Any CPU.Build.0 = Release|Any CPU
	EndGlobalSection
	GlobalSection(SolutionProperties) = preSolution
		HideSolutionNode = FALSE
	EndGlobalSection
	GlobalSection(ExtensibilityGlobals) = postSolution
		SolutionGuid = {0E2A01AE-6B3C-48C8-9F0E-E5F70DCC222E}
	EndGlobalSection
EndGlobal
